
Microsoft Visual Studio Solution File, Format Version 12.00
# Visual Studio Version 17
VisualStudioVersion = 17.12.35514.174 d17.12
MinimumVisualStudioVersion = 10.0.40219.1
Project("{FAE04EC0-301F-11D3-BF4B-00C04F79EFBC}") = "ComboBox", "ComboBox\ComboBox.csproj", "{6B6FFD45-9D8C-4560-B666-AAD97A0FA21A}"
EndProject
Global
	GlobalSection(SolutionConfigurationPlatforms) = preSolution
		Debug|Any CPU = Debug|Any CPU
		Release|Any CPU = Release|Any CPU
	EndGlobalSection
	GlobalSection(ProjectConfigurationPlatforms) = postSolution
		{6B6FFD45-9D8C-4560-B666-AAD97A0FA21A}.Debug|Any CPU.ActiveCfg = Debug|Any CPU
		{6B6FFD45-9D8C-4560-B666-AAD97A0FA21A}.Debug|Any CPU.Build.0 = Debug|Any CPU
		{6B6FFD45-9D8C-4560-B666-AAD97A0FA21A}.Release|Any CPU.ActiveCfg = Release|Any CPU
		{6B6FFD45-9D8C-4560-B666-AAD97A0FA21A}.Release|Any CPU.Build.0 = Release|Any CPU
	EndGlobalSection
	GlobalSection(SolutionProperties) = preSolution
		HideSolutionNode = FALSE
	EndGlobalSection
EndGlobal
